GIT
  remote: https://bitbucket.org/mobivery-public/localio
  revision: 97fad4bff60fa4dfec31d3269cbb90fec7f06ecc
  branch: main
  specs:
    localio (3.1.0)
      simple_xlsx_reader (~> 1.0)

GEM
  remote: https://rubygems.org/
  specs:
    nokogiri (1.19.1-x64-mingw-ucrt)
      racc (~> 1.4)
    racc (1.8.1)
    rubyzip (3.2.2)
    simple_xlsx_reader (1.0.5)
      nokogiri
      rubyzip

PLATFORMS
  x64-mingw-ucrt

DEPENDENCIES
  localio!

CHECKSUMS
  localio (3.1.0)
  nokogiri (1.19.1-x64-mingw-ucrt) sha256=110d92ae57694ae7866670d298a5d04cd150fae5a6a7849957d66f171e6aec9b
  racc (1.8.1) sha256=4a7f6929691dbec8b5209a0b373bc2614882b55fc5d2e447a21aaa691303d62f
  rubyzip (3.2.2) sha256=c0ed99385f0625415c8f05bcae33fe649ed2952894a95ff8b08f26ca57ea5b3c
  simple_xlsx_reader (1.0.5) sha256=a6e220dbb313603c40f4704f63c43674c0a46647b3e29da869decf62ec60ca6d

BUNDLED WITH
  4.0.3
